
Microsoft Visual Studio Solution File, Format Version 12.00
# Visual Studio Version 17
VisualStudioVersion = 17.0.31903.59
MinimumVisualStudioVersion = 10.0.40219.1
Project("{FAE04EC0-301F-11D3-BF4B-00C04F79EFBC}") = "Tiwari_Suhani_HW2", "Tiwari_Suhani_HW2.csproj", "{21F40AC7-D5F1-42C0-9D29-54DE90CD3A60}"
EndProject
Project("{2150E333-8FDC-42A3-9474-1A3956D46DE8}") = "tests", "tests", "{0AB3BF05-4346-4AA6-1389-037BE0695223}"
EndProject
Project("{FAE04EC0-301F-11D3-BF4B-00C04F79EFBC}") = "Tiwari_Suhani_HW2.Tests", "tests\Tiwari_Suhani_HW2.Tests\Tiwari_Suhani_HW2.Tests.csproj", "{C1C03746-C33E-4C41-B434-29692CCE0553}"
EndProject
Global
	GlobalSection(SolutionConfigurationPlatforms) = preSolution
		Debug|Any CPU = Debug|Any CPU
		Debug|x64 = Debug|x64
		Debug|x86 = Debug|x86
		Release|Any CPU = Release|Any CPU
		Release|x64 = Release|x64
		Release|x86 = Release|x86
	EndGlobalSection
	GlobalSection(ProjectConfigurationPlatforms) = postSolution
		{21F40AC7-D5F1-42C0-9D29-54DE90CD3A60}.Debug|Any CPU.ActiveCfg = Debug|Any CPU
		{21F40AC7-D5F1-42C0-9D29-54DE90CD3A60}.Debug|Any CPU.Build.0 = Debug|Any CPU
		{21F40AC7-D5F1-42C0-9D29-54DE90CD3A60}.Debug|x64.ActiveCfg = Debug|Any CPU
		{21F40AC7-D5F1-42C0-9D29-54DE90CD3A60}.Debug|x64.Build.0 = Debug|Any CPU
		{21F40AC7-D5F1-42C0-9D29-54DE90CD3A60}.Debug|x86.ActiveCfg = Debug|Any CPU
		{21F40AC7-D5F1-42C0-9D29-54DE90CD3A60}.Debug|x86.Build.0 = Debug|Any CPU
		{21F40AC7-D5F1-42C0-9D29-54DE90CD3A60}.Release|Any CPU.ActiveCfg = Release|Any CPU
		{21F40AC7-D5F1-42C0-9D29-54DE90CD3A60}.Release|Any CPU.Build.0 = Release|Any CPU
		{21F40AC7-D5F1-42C0-9D29-54DE90CD3A60}.Release|x64.ActiveCfg = Release|Any CPU
		{21F40AC7-D5F1-42C0-9D29-54DE90CD3A60}.Release|x64.Build.0 = Release|Any CPU
		{21F40AC7-D5F1-42C0-9D29-54DE90CD3A60}.Release|x86.ActiveCfg = Release|Any CPU
		{21F40AC7-D5F1-42C0-9D29-54DE90CD3A60}.Release|x86.Build.0 = Release|Any CPU
		{C1C03746-C33E-4C41-B434-29692CCE0553}.Debug|Any CPU.ActiveCfg = Debug|Any CPU
		{C1C03746-C33E-4C41-B434-29692CCE0553}.Debug|Any CPU.Build.0 = Debug|Any CPU
		{C1C03746-C33E-4C41-B434-29692CCE0553}.Debug|x64.ActiveCfg = Debug|Any CPU
		{C1C03746-C33E-4C41-B434-29692CCE0553}.Debug|x64.Build.0 = Debug|Any CPU
		{C1C03746-C33E-4C41-B434-29692CCE0553}.Debug|x86.ActiveCfg = Debug|Any CPU
		{C1C03746-C33E-4C41-B434-29692CCE0553}.Debug|x86.Build.0 = Debug|Any CPU
		{C1C03746-C33E-4C41-B434-29692CCE0553}.Release|Any CPU.ActiveCfg = Release|Any CPU
		{C1C03746-C33E-4C41-B434-29692CCE0553}.Release|Any CPU.Build.0 = Release|Any CPU
		{C1C03746-C33E-4C41-B434-29692CCE0553}.Release|x64.ActiveCfg = Release|Any CPU
		{C1C03746-C33E-4C41-B434-29692CCE0553}.Release|x64.Build.0 = Release|Any CPU
		{C1C03746-C33E-4C41-B434-29692CCE0553}.Release|x86.ActiveCfg = Release|Any CPU
		{C1C03746-C33E-4C41-B434-29692CCE0553}.Release|x86.Build.0 = Release|Any CPU
	EndGlobalSection
	GlobalSection(SolutionProperties) = preSolution
		HideSolutionNode = FALSE
	EndGlobalSection
	GlobalSection(NestedProjects) = preSolution
		{C1C03746-C33E-4C41-B434-29692CCE0553} = {0AB3BF05-4346-4AA6-1389-037BE0695223}
	EndGlobalSection
EndGlobal
